
Microsoft Visual Studio Solution File, Format Version 12.00
# Visual Studio Version 17
VisualStudioVersion = 17.5.33530.505
MinimumVisualStudioVersion = 10.0.40219.1
Project("{FAE04EC0-301F-11D3-BF4B-00C04F79EFBC}") = "MathQuiz", "MathQuiz\MathQuiz.csproj", "{364548AC-D703-409A-BEFD-B69E8E52D037}"
EndProject
Global
	GlobalSection(SolutionConfigurationPlatforms) = preSolution
		Debug|Any CPU = Debug|Any CPU
		Release|Any CPU = Release|Any CPU
	EndGlobalSection
	GlobalSection(ProjectConfigurationPlatforms) = postSolution
		{364548AC-D703-409A-BEFD-B69E8E52D037}.Debug|Any CPU.ActiveCfg = Debug|Any CPU
		{364548AC-D703-409A-BEFD-B69E8E52D037}.Debug|Any CPU.Build.0 = Debug|Any CPU
		{364548AC-D703-409A-BEFD-B69E8E52D037}.Release|Any CPU.ActiveCfg = Release|Any CPU
		{364548AC-D703-409A-BEFD-B69E8E52D037}.Release|Any CPU.Build.0 = Release|Any CPU
	EndGlobalSection
	GlobalSection(SolutionProperties) = preSolution
		HideSolutionNode = FALSE
	EndGlobalSection
	GlobalSection(ExtensibilityGlobals) = postSolution
		SolutionGuid = {C0373936-6EF6-4894-95F4-442051B6F9BE}
	EndGlobalSection
EndGlobal
